
Microsoft Visual Studio Solution File, Format Version 12.00
# Visual Studio 15
VisualStudioVersion = 15.0.28307.539
MinimumVisualStudioVersion = 10.0.40219.1
Project("{FAE04EC0-301F-11D3-BF4B-00C04F79EFBC}") = "GoFishLibrary", "GoFishLibrary\GoFishLibrary.csproj", "{5E778F0E-B93F-4529-A72B-9F2A11E80E69}"
EndProject
Project("{FAE04EC0-301F-11D3-BF4B-00C04F79EFBC}") = "GoFishGUIClient", "GoFishGUIClient\GoFishGUIClient.csproj", "{051CEC2A-C9ED-4BB5-BA48-DB980F763EC7}"
EndProject
Project("{FAE04EC0-301F-11D3-BF4B-00C04F79EFBC}") = "GoFishServiceHost", "GoFishServiceHost\GoFishServiceHost.csproj", "{C36791F4-4C71-4E0C-84E1-06C7D3203D19}"
EndProject
Global
	GlobalSection(SolutionConfigurationPlatforms) = preSolution
		Debug|Any CPU = Debug|Any CPU
		Release|Any CPU = Release|Any CPU
	EndGlobalSection
	GlobalSection(ProjectConfigurationPlatforms) = postSolution
		{5E778F0E-B93F-4529-A72B-9F2A11E80E69}.Debug|Any CPU.ActiveCfg = Debug|Any CPU
		{5E778F0E-B93F-4529-A72B-9F2A11E80E69}.Debug|Any CPU.Build.0 = Debug|Any CPU
		{5E778F0E-B93F-4529-A72B-9F2A11E80E69}.Release|Any CPU.ActiveCfg = Release|Any CPU
		{5E778F0E-B93F-4529-A72B-9F2A11E80E69}.Release|Any CPU.Build.0 = Release|Any CPU
		{051CEC2A-C9ED-4BB5-BA48-DB980F763EC7}.Debug|Any CPU.ActiveCfg = Debug|Any CPU
		{051CEC2A-C9ED-4BB5-BA48-DB980F763EC7}.Debug|Any CPU.Build.0 = Debug|Any CPU
		{051CEC2A-C9ED-4BB5-BA48-DB980F763EC7}.Release|Any CPU.ActiveCfg = Release|Any CPU
		{051CEC2A-C9ED-4BB5-BA48-DB980F763EC7}.Release|Any CPU.Build.0 = Release|Any CPU
		{C36791F4-4C71-4E0C-84E1-06C7D3203D19}.Debug|Any CPU.ActiveCfg = Debug|Any CPU
		{C36791F4-4C71-4E0C-84E1-06C7D3203D19}.Debug|Any CPU.Build.0 = Debug|Any CPU
		{C36791F4-4C71-4E0C-84E1-06C7D3203D19}.Release|Any CPU.ActiveCfg = Release|Any CPU
		{C36791F4-4C71-4E0C-84E1-06C7D3203D19}.Release|Any CPU.Build.0 = Release|Any CPU
	EndGlobalSection
	GlobalSection(SolutionProperties) = preSolution
		HideSolutionNode = FALSE
	EndGlobalSection
	GlobalSection(ExtensibilityGlobals) = postSolution
		SolutionGuid = {B5CFDF87-D526-4E15-9653-FAA55D8A88EF}
	EndGlobalSection
EndGlobal
